
Microsoft Visual Studio Solution File, Format Version 12.00
Project("{FAE04EC0-301F-11D3-BF4B-00C04F79EFBC}") = "ToneTracker", "ToneTracker\ToneTracker.csproj", "{2C072F87-EF78-420D-997C-020261C8B635}"
EndProject
Project("{2150E333-8FDC-42A3-9474-1A3956D46DE8}") = "tests", "tests", "{860736B3-C73C-4844-ADD3-67A8E0A0E354}"
EndProject
Project("{FAE04EC0-301F-11D3-BF4B-00C04F79EFBC}") = "ToneTracker.TestLib", "ToneTracker.TestLib\ToneTracker.TestLib.csproj", "{4F58D69B-8BE9-44AA-B92B-901B80D0C937}"
EndProject
Project("{FAE04EC0-301F-11D3-BF4B-00C04F79EFBC}") = "ToneTracker.FunctionalTests", "ToneTracker.FunctionalTests\ToneTracker.FunctionalTests.csproj", "{6EF3B99E-62DD-4AD2-9A76-E529304CC890}"
EndProject
Global
	GlobalSection(SolutionConfigurationPlatforms) = preSolution
		Debug|Any CPU = Debug|Any CPU
		Release|Any CPU = Release|Any CPU
	EndGlobalSection
	GlobalSection(ProjectConfigurationPlatforms) = postSolution
		{2C072F87-EF78-420D-997C-020261C8B635}.Debug|Any CPU.ActiveCfg = Debug|Any CPU
		{2C072F87-EF78-420D-997C-020261C8B635}.Debug|Any CPU.Build.0 = Debug|Any CPU
		{2C072F87-EF78-420D-997C-020261C8B635}.Release|Any CPU.ActiveCfg = Release|Any CPU
		{2C072F87-EF78-420D-997C-020261C8B635}.Release|Any CPU.Build.0 = Release|Any CPU
		{4F58D69B-8BE9-44AA-B92B-901B80D0C937}.Debug|Any CPU.ActiveCfg = Debug|Any CPU
		{4F58D69B-8BE9-44AA-B92B-901B80D0C937}.Debug|Any CPU.Build.0 = Debug|Any CPU
		{4F58D69B-8BE9-44AA-B92B-901B80D0C937}.Release|Any CPU.ActiveCfg = Release|Any CPU
		{4F58D69B-8BE9-44AA-B92B-901B80D0C937}.Release|Any CPU.Build.0 = Release|Any CPU
		{6EF3B99E-62DD-4AD2-9A76-E529304CC890}.Debug|Any CPU.ActiveCfg = Debug|Any CPU
		{6EF3B99E-62DD-4AD2-9A76-E529304CC890}.Debug|Any CPU.Build.0 = Debug|Any CPU
		{6EF3B99E-62DD-4AD2-9A76-E529304CC890}.Release|Any CPU.ActiveCfg = Release|Any CPU
		{6EF3B99E-62DD-4AD2-9A76-E529304CC890}.Release|Any CPU.Build.0 = Release|Any CPU
	EndGlobalSection
	GlobalSection(NestedProjects) = preSolution
		{4F58D69B-8BE9-44AA-B92B-901B80D0C937} = {860736B3-C73C-4844-ADD3-67A8E0A0E354}
		{6EF3B99E-62DD-4AD2-9A76-E529304CC890} = {860736B3-C73C-4844-ADD3-67A8E0A0E354}
	EndGlobalSection
EndGlobal
